
Microsoft Visual Studio Solution File, Format Version 12.00
# Visual Studio Version 16
VisualStudioVersion = 16.0.28922.388
MinimumVisualStudioVersion = 10.0.40219.1
Project("{FAE04EC0-301F-11D3-BF4B-00C04F79EFBC}") = "backend", "backend\backend.csproj", "{27F547F7-5A78-4FE9-8F3E-4AD8BBD94D69}"
EndProject
Global
	GlobalSection(SolutionConfigurationPlatforms) = preSolution
		Debug|Any CPU = Debug|Any CPU
		Release|Any CPU = Release|Any CPU
	EndGlobalSection
	GlobalSection(ProjectConfigurationPlatforms) = postSolution
		{27F547F7-5A78-4FE9-8F3E-4AD8BBD94D69}.Debug|Any CPU.ActiveCfg = Debug|Any CPU
		{27F547F7-5A78-4FE9-8F3E-4AD8BBD94D69}.Debug|Any CPU.Build.0 = Debug|Any CPU
		{27F547F7-5A78-4FE9-8F3E-4AD8BBD94D69}.Release|Any CPU.ActiveCfg = Release|Any CPU
		{27F547F7-5A78-4FE9-8F3E-4AD8BBD94D69}.Release|Any CPU.Build.0 = Release|Any CPU
	EndGlobalSection
	GlobalSection(SolutionProperties) = preSolution
		HideSolutionNode = FALSE
	EndGlobalSection
	GlobalSection(ExtensibilityGlobals) = postSolution
		SolutionGuid = {A620A651-F0CD-490A-B94C-70D6A23797B3}
	EndGlobalSection
EndGlobal
